
Microsoft Visual Studio Solution File, Format Version 12.00
# Visual Studio Version 16
VisualStudioVersion = 16.0.32413.511
MinimumVisualStudioVersion = 10.0.40219.1
Project("{FAE04EC0-301F-11D3-BF4B-00C04F79EFBC}") = "ArtıSpot_Ahmet_Yetek", "ArtıSpot_Ahmet_Yetek\ArtıSpot_Ahmet_Yetek.csproj", "{C15C9DD4-8F9E-4467-89E6-D584A9F21C7F}"
EndProject
Global
	GlobalSection(SolutionConfigurationPlatforms) = preSolution
		Debug|Any CPU = Debug|Any CPU
		Release|Any CPU = Release|Any CPU
	EndGlobalSection
	GlobalSection(ProjectConfigurationPlatforms) = postSolution
		{C15C9DD4-8F9E-4467-89E6-D584A9F21C7F}.Debug|Any CPU.ActiveCfg = Debug|Any CPU
		{C15C9DD4-8F9E-4467-89E6-D584A9F21C7F}.Debug|Any CPU.Build.0 = Debug|Any CPU
		{C15C9DD4-8F9E-4467-89E6-D584A9F21C7F}.Release|Any CPU.ActiveCfg = Release|Any CPU
		{C15C9DD4-8F9E-4467-89E6-D584A9F21C7F}.Release|Any CPU.Build.0 = Release|Any CPU
	EndGlobalSection
	GlobalSection(SolutionProperties) = preSolution
		HideSolutionNode = FALSE
	EndGlobalSection
	GlobalSection(ExtensibilityGlobals) = postSolution
		SolutionGuid = {37AE4426-EFEE-4B0D-A932-03ACB008BBF3}
	EndGlobalSection
EndGlobal
